{
    "version": 3,
    "terraform_version": "0.11.7",
    "serial": 7,
    "lineage": "0e0aeab5-3c6a-b68c-0c48-b0be9fb1f5c6",
    "modules": [
        {
            "path": [
                "root"
            ],
            "outputs": {},
            "resources": {},
            "depends_on": []
        },
        {
            "path": [
                "root",
                "network_security"
            ],
            "outputs": {
                "vpc_id": {
                    "sensitive": false,
                    "type": "string",
                    "value": "vpc-09f532fdb95bbdc12"
                }
            },
            "resources": {
                "aws_eip.eip_nat": {
                    "type": "aws_eip",
                    "depends_on": [
                        "aws_internet_gateway.IGW"
                    ],
                    "primary": {
                        "id": "eipalloc-0cd676ea0a0f36a46",
                        "attributes": {
                            "association_id": "",
                            "domain": "vpc",
                            "id": "eipalloc-0cd676ea0a0f36a46",
                            "instance": "",
                            "network_interface": "",
                            "private_ip": "",
                            "public_ip": "13.232.20.22",
                            "tags.%": "0",
                            "vpc": "true"
                        },
                        "meta": {
                            "e2bfb730-ecaa-11e6-8f88-34363bc7c4c0": {
                                "delete": 180000000000,
                                "read": 900000000000,
                                "update": 300000000000
                            }
                        },
                        "tainted": false
                    },
                    "deposed": [],
                    "provider": "provider.aws"
                },
                "aws_internet_gateway.IGW": {
                    "type": "aws_internet_gateway",
                    "depends_on": [
                        "aws_vpc.test_vpc"
                    ],
                    "primary": {
                        "id": "igw-0e5bd059ec8e5c9b9",
                        "attributes": {
                            "id": "igw-0e5bd059ec8e5c9b9",
                            "vpc_id": "vpc-09f532fdb95bbdc12"
                        },
                        "meta": {},
                        "tainted": false
                    },
                    "deposed": [],
                    "provider": "provider.aws"
                },
                "aws_nat_gateway.NAT_GW": {
                    "type": "aws_nat_gateway",
                    "depends_on": [
                        "aws_eip.eip_nat",
                        "aws_subnet.publicsubnet"
                    ],
                    "primary": {
                        "id": "nat-0a8cd17f04c311005",
                        "attributes": {
                            "allocation_id": "eipalloc-0cd676ea0a0f36a46",
                            "id": "nat-0a8cd17f04c311005",
                            "network_interface_id": "eni-8246cedc",
                            "private_ip": "10.0.0.78",
                            "public_ip": "13.232.20.22",
                            "subnet_id": "subnet-0434e6c50dc8e0e79",
                            "tags.%": "1",
                            "tags.Name": "Nat Gateway"
                        },
                        "meta": {},
                        "tainted": false
                    },
                    "deposed": [],
                    "provider": "provider.aws"
                },
                "aws_route_table.Private_RT": {
                    "type": "aws_route_table",
                    "depends_on": [
                        "aws_nat_gateway.NAT_GW",
                        "aws_vpc.test_vpc"
                    ],
                    "primary": {
                        "id": "rtb-044d58f71d9ad3a5c",
                        "attributes": {
                            "id": "rtb-044d58f71d9ad3a5c",
                            "propagating_vgws.#": "0",
                            "route.#": "1",
                            "route.163857293.cidr_block": "0.0.0.0/0",
                            "route.163857293.egress_only_gateway_id": "",
                            "route.163857293.gateway_id": "",
                            "route.163857293.instance_id": "",
                            "route.163857293.ipv6_cidr_block": "",
                            "route.163857293.nat_gateway_id": "nat-0a8cd17f04c311005",
                            "route.163857293.network_interface_id": "",
                            "route.163857293.vpc_peering_connection_id": "",
                            "tags.%": "0",
                            "vpc_id": "vpc-09f532fdb95bbdc12"
                        },
                        "meta": {},
                        "tainted": false
                    },
                    "deposed": [],
                    "provider": "provider.aws"
                },
                "aws_route_table.Public_RT": {
                    "type": "aws_route_table",
                    "depends_on": [
                        "aws_internet_gateway.IGW",
                        "aws_vpc.test_vpc"
                    ],
                    "primary": {
                        "id": "rtb-0f79446254572b145",
                        "attributes": {
                            "id": "rtb-0f79446254572b145",
                            "propagating_vgws.#": "0",
                            "route.#": "1",
                            "route.1225878867.cidr_block": "0.0.0.0/0",
                            "route.1225878867.egress_only_gateway_id": "",
                            "route.1225878867.gateway_id": "igw-0e5bd059ec8e5c9b9",
                            "route.1225878867.instance_id": "",
                            "route.1225878867.ipv6_cidr_block": "",
                            "route.1225878867.nat_gateway_id": "",
                            "route.1225878867.network_interface_id": "",
                            "route.1225878867.vpc_peering_connection_id": "",
                            "tags.%": "0",
                            "vpc_id": "vpc-09f532fdb95bbdc12"
                        },
                        "meta": {},
                        "tainted": false
                    },
                    "deposed": [],
                    "provider": "provider.aws"
                },
                "aws_route_table_association.Private_RT_IG.0": {
                    "type": "aws_route_table_association",
                    "depends_on": [
                        "aws_route_table.Private_RT",
                        "aws_subnet.privatesubnet.*"
                    ],
                    "primary": {
                        "id": "rtbassoc-06e8893a4c5ccae9f",
                        "attributes": {
                            "id": "rtbassoc-06e8893a4c5ccae9f",
                            "route_table_id": "rtb-044d58f71d9ad3a5c",
                            "subnet_id": "subnet-08a7974d6aebdf2f2"
                        },
                        "meta": {},
                        "tainted": false
                    },
                    "deposed": [],
                    "provider": "provider.aws"
                },
                "aws_route_table_association.Private_RT_IG.1": {
                    "type": "aws_route_table_association",
                    "depends_on": [
                        "aws_route_table.Private_RT",
                        "aws_subnet.privatesubnet.*"
                    ],
                    "primary": {
                        "id": "rtbassoc-04c2637843e76c214",
                        "attributes": {
                            "id": "rtbassoc-04c2637843e76c214",
                            "route_table_id": "rtb-044d58f71d9ad3a5c",
                            "subnet_id": "subnet-0c63e9232eb8aafd9"
                        },
                        "meta": {},
                        "tainted": false
                    },
                    "deposed": [],
                    "provider": "provider.aws"
                },
                "aws_route_table_association.Public_RT_IG.0": {
                    "type": "aws_route_table_association",
                    "depends_on": [
                        "aws_route_table.Public_RT",
                        "aws_subnet.publicsubnet.*"
                    ],
                    "primary": {
                        "id": "rtbassoc-0f097d8d07165c998",
                        "attributes": {
                            "id": "rtbassoc-0f097d8d07165c998",
                            "route_table_id": "rtb-0f79446254572b145",
                            "subnet_id": "subnet-0434e6c50dc8e0e79"
                        },
                        "meta": {},
                        "tainted": false
                    },
                    "deposed": [],
                    "provider": "provider.aws"
                },
                "aws_route_table_association.Public_RT_IG.1": {
                    "type": "aws_route_table_association",
                    "depends_on": [
                        "aws_route_table.Public_RT",
                        "aws_subnet.publicsubnet.*"
                    ],
                    "primary": {
                        "id": "rtbassoc-089de159daa650322",
                        "attributes": {
                            "id": "rtbassoc-089de159daa650322",
                            "route_table_id": "rtb-0f79446254572b145",
                            "subnet_id": "subnet-000faafc4e1023880"
                        },
                        "meta": {},
                        "tainted": false
                    },
                    "deposed": [],
                    "provider": "provider.aws"
                },
                "aws_subnet.privatesubnet.0": {
                    "type": "aws_subnet",
                    "depends_on": [
                        "aws_vpc.test_vpc",
                        "data.aws_availability_zones.available"
                    ],
                    "primary": {
                        "id": "subnet-08a7974d6aebdf2f2",
                        "attributes": {
                            "assign_ipv6_address_on_creation": "false",
                            "availability_zone": "ap-south-1a",
                            "cidr_block": "10.0.4.0/24",
                            "id": "subnet-08a7974d6aebdf2f2",
                            "map_public_ip_on_launch": "false",
                            "tags.%": "1",
                            "tags.Name": "private subnet",
                            "vpc_id": "vpc-09f532fdb95bbdc12"
                        },
                        "meta": {
                            "schema_version": "1"
                        },
                        "tainted": false
                    },
                    "deposed": [],
                    "provider": "provider.aws"
                },
                "aws_subnet.privatesubnet.1": {
                    "type": "aws_subnet",
                    "depends_on": [
                        "aws_vpc.test_vpc",
                        "data.aws_availability_zones.available"
                    ],
                    "primary": {
                        "id": "subnet-0c63e9232eb8aafd9",
                        "attributes": {
                            "assign_ipv6_address_on_creation": "false",
                            "availability_zone": "ap-south-1b",
                            "cidr_block": "10.0.5.0/24",
                            "id": "subnet-0c63e9232eb8aafd9",
                            "map_public_ip_on_launch": "false",
                            "tags.%": "1",
                            "tags.Name": "private subnet",
                            "vpc_id": "vpc-09f532fdb95bbdc12"
                        },
                        "meta": {
                            "schema_version": "1"
                        },
                        "tainted": false
                    },
                    "deposed": [],
                    "provider": "provider.aws"
                },
                "aws_subnet.publicsubnet.0": {
                    "type": "aws_subnet",
                    "depends_on": [
                        "aws_vpc.test_vpc",
                        "data.aws_availability_zones.available"
                    ],
                    "primary": {
                        "id": "subnet-0434e6c50dc8e0e79",
                        "attributes": {
                            "assign_ipv6_address_on_creation": "false",
                            "availability_zone": "ap-south-1a",
                            "cidr_block": "10.0.0.0/24",
                            "id": "subnet-0434e6c50dc8e0e79",
                            "map_public_ip_on_launch": "false",
                            "tags.%": "1",
                            "tags.Name": "testSubnet",
                            "vpc_id": "vpc-09f532fdb95bbdc12"
                        },
                        "meta": {
                            "schema_version": "1"
                        },
                        "tainted": false
                    },
                    "deposed": [],
                    "provider": "provider.aws"
                },
                "aws_subnet.publicsubnet.1": {
                    "type": "aws_subnet",
                    "depends_on": [
                        "aws_vpc.test_vpc",
                        "data.aws_availability_zones.available"
                    ],
                    "primary": {
                        "id": "subnet-000faafc4e1023880",
                        "attributes": {
                            "assign_ipv6_address_on_creation": "false",
                            "availability_zone": "ap-south-1b",
                            "cidr_block": "10.0.1.0/24",
                            "id": "subnet-000faafc4e1023880",
                            "map_public_ip_on_launch": "false",
                            "tags.%": "1",
                            "tags.Name": "testSubnet",
                            "vpc_id": "vpc-09f532fdb95bbdc12"
                        },
                        "meta": {
                            "schema_version": "1"
                        },
                        "tainted": false
                    },
                    "deposed": [],
                    "provider": "provider.aws"
                },
                "aws_vpc.test_vpc": {
                    "type": "aws_vpc",
                    "depends_on": [],
                    "primary": {
                        "id": "vpc-09f532fdb95bbdc12",
                        "attributes": {
                            "assign_generated_ipv6_cidr_block": "false",
                            "cidr_block": "10.0.0.0/16",
                            "default_network_acl_id": "acl-062ec5b56c4f8a3d9",
                            "default_route_table_id": "rtb-01a285633cdab07ca",
                            "default_security_group_id": "sg-0d6fd93ffa628f64b",
                            "dhcp_options_id": "dopt-9fa8e8f7",
                            "enable_dns_hostnames": "false",
                            "enable_dns_support": "true",
                            "id": "vpc-09f532fdb95bbdc12",
                            "instance_tenancy": "default",
                            "main_route_table_id": "rtb-01a285633cdab07ca",
                            "tags.%": "1",
                            "tags.Name": "testVPC"
                        },
                        "meta": {
                            "schema_version": "1"
                        },
                        "tainted": false
                    },
                    "deposed": [],
                    "provider": "provider.aws"
                },
                "data.aws_availability_zones.available": {
                    "type": "aws_availability_zones",
                    "depends_on": [],
                    "primary": {
                        "id": "2018-05-06 05:18:45.622975797 +0000 UTC",
                        "attributes": {
                            "id": "2018-05-06 05:18:45.622975797 +0000 UTC",
                            "names.#": "2",
                            "names.0": "ap-south-1a",
                            "names.1": "ap-south-1b"
                        },
                        "meta": {},
                        "tainted": false
                    },
                    "deposed": [],
                    "provider": "provider.aws"
                }
            },
            "depends_on": []
        },
        {
            "path": [
                "root",
                "security_groups"
            ],
            "outputs": {},
            "resources": {
                "aws_security_group.Instance_sg": {
                    "type": "aws_security_group",
                    "depends_on": [
                        "aws_security_group.loadBalancer_SG"
                    ],
                    "primary": {
                        "id": "sg-05574d8b9c511ca9a",
                        "attributes": {
                            "arn": "arn:aws:ec2:ap-south-1:042827707937:security-group/sg-05574d8b9c511ca9a",
                            "description": "controls direct access to application instances",
                            "egress.#": "1",
                            "egress.482069346.cidr_blocks.#": "1",
                            "egress.482069346.cidr_blocks.0": "0.0.0.0/0",
                            "egress.482069346.description": "",
                            "egress.482069346.from_port": "0",
                            "egress.482069346.ipv6_cidr_blocks.#": "0",
                            "egress.482069346.prefix_list_ids.#": "0",
                            "egress.482069346.protocol": "-1",
                            "egress.482069346.security_groups.#": "0",
                            "egress.482069346.self": "false",
                            "egress.482069346.to_port": "0",
                            "id": "sg-05574d8b9c511ca9a",
                            "ingress.#": "2",
                            "ingress.11713374.cidr_blocks.#": "0",
                            "ingress.11713374.description": "",
                            "ingress.11713374.from_port": "80",
                            "ingress.11713374.ipv6_cidr_blocks.#": "0",
                            "ingress.11713374.protocol": "tcp",
                            "ingress.11713374.security_groups.#": "1",
                            "ingress.11713374.security_groups.2389986926": "sg-03d4c673387edfdb4",
                            "ingress.11713374.self": "false",
                            "ingress.11713374.to_port": "80",
                            "ingress.2541437006.cidr_blocks.#": "1",
                            "ingress.2541437006.cidr_blocks.0": "0.0.0.0/0",
                            "ingress.2541437006.description": "",
                            "ingress.2541437006.from_port": "22",
                            "ingress.2541437006.ipv6_cidr_blocks.#": "0",
                            "ingress.2541437006.protocol": "tcp",
                            "ingress.2541437006.security_groups.#": "0",
                            "ingress.2541437006.self": "false",
                            "ingress.2541437006.to_port": "22",
                            "name": "ECS Cluster instance SG",
                            "owner_id": "042827707937",
                            "revoke_rules_on_delete": "false",
                            "tags.%": "0",
                            "vpc_id": "vpc-09f532fdb95bbdc12"
                        },
                        "meta": {
                            "e2bfb730-ecaa-11e6-8f88-34363bc7c4c0": {
                                "create": 600000000000,
                                "delete": 600000000000
                            },
                            "schema_version": "1"
                        },
                        "tainted": false
                    },
                    "deposed": [],
                    "provider": "provider.aws"
                },
                "aws_security_group.loadBalancer_SG": {
                    "type": "aws_security_group",
                    "depends_on": [],
                    "primary": {
                        "id": "sg-03d4c673387edfdb4",
                        "attributes": {
                            "arn": "arn:aws:ec2:ap-south-1:042827707937:security-group/sg-03d4c673387edfdb4",
                            "description": "controls access to the application ELB",
                            "egress.#": "1",
                            "egress.482069346.cidr_blocks.#": "1",
                            "egress.482069346.cidr_blocks.0": "0.0.0.0/0",
                            "egress.482069346.description": "",
                            "egress.482069346.from_port": "0",
                            "egress.482069346.ipv6_cidr_blocks.#": "0",
                            "egress.482069346.prefix_list_ids.#": "0",
                            "egress.482069346.protocol": "-1",
                            "egress.482069346.security_groups.#": "0",
                            "egress.482069346.self": "false",
                            "egress.482069346.to_port": "0",
                            "id": "sg-03d4c673387edfdb4",
                            "ingress.#": "1",
                            "ingress.2214680975.cidr_blocks.#": "1",
                            "ingress.2214680975.cidr_blocks.0": "0.0.0.0/0",
                            "ingress.2214680975.description": "",
                            "ingress.2214680975.from_port": "80",
                            "ingress.2214680975.ipv6_cidr_blocks.#": "0",
                            "ingress.2214680975.protocol": "tcp",
                            "ingress.2214680975.security_groups.#": "0",
                            "ingress.2214680975.self": "false",
                            "ingress.2214680975.to_port": "80",
                            "name": "ELB-ECS SG",
                            "owner_id": "042827707937",
                            "revoke_rules_on_delete": "false",
                            "tags.%": "0",
                            "vpc_id": "vpc-09f532fdb95bbdc12"
                        },
                        "meta": {
                            "e2bfb730-ecaa-11e6-8f88-34363bc7c4c0": {
                                "create": 600000000000,
                                "delete": 600000000000
                            },
                            "schema_version": "1"
                        },
                        "tainted": false
                    },
                    "deposed": [],
                    "provider": "provider.aws"
                }
            },
            "depends_on": []
        }
    ]
}
